{
  "name": "node-sped-nfe",
  "version": "1.0.0",
  "lockfileVersion": 3,
  "requires": true,
  "packages": {
    "": {
      "name": "node-sped-nfe",
      "version": "1.0.0",
      "license": "ISC",
      "dependencies": {
        "crypto": "^1.0.1",
        "fast-xml-parser": "^4.5.1",
        "pem": "^1.14.8",
        "tmp": "^0.2.3",
        "xml-crypto": "^6.0.0"
      }
    },
    "node_modules/@xmldom/is-dom-node": {
      "version": "1.0.1",
      "resolved": "https://registry.npmjs.org/@xmldom/is-dom-node/-/is-dom-node-1.0.1.tgz",
      "integrity": "sha512-CJDxIgE5I0FH+ttq/Fxy6nRpxP70+e2O048EPe85J2use3XKdatVM7dDVvFNjQudd9B49NPoZ+8PG49zj4Er8Q==",
      "engines": {
        "node": ">= 16"
      }
    },
    "node_modules/@xmldom/xmldom": {
      "version": "0.8.10",
      "resolved": "https://registry.npmjs.org/@xmldom/xmldom/-/xmldom-0.8.10.tgz",
      "integrity": "sha512-2WALfTl4xo2SkGCYRt6rDTFfk9R1czmBvUQy12gK2KuRKIpWEhcbbzy8EZXtz/jkRqHX8bFEc6FC1HjX4TUWYw==",
      "engines": {
        "node": ">=10.0.0"
      }
    },
    "node_modules/charenc": {
      "version": "0.0.2",
      "resolved": "https://registry.npmjs.org/charenc/-/charenc-0.0.2.tgz",
      "integrity": "sha512-yrLQ/yVUFXkzg7EDQsPieE/53+0RlaWTs+wBrvW36cyilJ2SaDWfl4Yj7MtLTXleV9uEKefbAGUPv2/iWSooRA==",
      "engines": {
        "node": "*"
      }
    },
    "node_modules/crypt": {
      "version": "0.0.2",
      "resolved": "https://registry.npmjs.org/crypt/-/crypt-0.0.2.tgz",
      "integrity": "sha512-mCxBlsHFYh9C+HVpiEacem8FEBnMXgU9gy4zmNC+SXAZNB/1idgp/aulFJ4FgCi7GPEVbfyng092GqL2k2rmow==",
      "engines": {
        "node": "*"
      }
    },
    "node_modules/crypto": {
      "version": "1.0.1",
      "resolved": "https://registry.npmjs.org/crypto/-/crypto-1.0.1.tgz",
      "integrity": "sha512-VxBKmeNcqQdiUQUW2Tzq0t377b54N2bMtXO/qiLa+6eRRmmC4qT3D4OnTGoT/U6O9aklQ/jTwbOtRMTTY8G0Ig==",
      "deprecated": "This package is no longer supported. It's now a built-in Node module. If you've depended on crypto, you should switch to the one that's built-in."
    },
    "node_modules/es6-promisify": {
      "version": "7.0.0",
      "resolved": "https://registry.npmjs.org/es6-promisify/-/es6-promisify-7.0.0.tgz",
      "integrity": "sha512-ginqzK3J90Rd4/Yz7qRrqUeIpe3TwSXTPPZtPne7tGBPeAaQiU8qt4fpKApnxHcq1AwtUdHVg5P77x/yrggG8Q==",
      "engines": {
        "node": ">=6"
      }
    },
    "node_modules/fast-xml-parser": {
      "version": "4.5.1",
      "resolved": "https://registry.npmjs.org/fast-xml-parser/-/fast-xml-parser-4.5.1.tgz",
      "integrity": "sha512-y655CeyUQ+jj7KBbYMc4FG01V8ZQqjN+gDYGJ50RtfsUB8iG9AmwmwoAgeKLJdmueKKMrH1RJ7yXHTSoczdv5w==",
      "funding": [
        {
          "type": "github",
          "url": "https://github.com/sponsors/NaturalIntelligence"
        },
        {
          "type": "paypal",
          "url": "https://paypal.me/naturalintelligence"
        }
      ],
      "dependencies": {
        "strnum": "^1.0.5"
      },
      "bin": {
        "fxparser": "src/cli/cli.js"
      }
    },
    "node_modules/is-buffer": {
      "version": "1.1.6",
      "resolved": "https://registry.npmjs.org/is-buffer/-/is-buffer-1.1.6.tgz",
      "integrity": "sha512-NcdALwpXkTm5Zvvbk7owOUSvVvBKDgKP5/ewfXEznmQFfs4ZRmanOeKBTjRVjka3QFoN6XJ+9F3USqfHqTaU5w=="
    },
    "node_modules/isexe": {
      "version": "2.0.0",
      "resolved": "https://registry.npmjs.org/isexe/-/isexe-2.0.0.tgz",
      "integrity": "sha512-RHxMLp9lnKHGHRng9QFhRCMbYAcVpn69smSGcq3f36xjgVVWThj4qqLbTLlq7Ssj8B+fIQ1EuCEGI2lKsyQeIw=="
    },
    "node_modules/md5": {
      "version": "2.3.0",
      "resolved": "https://registry.npmjs.org/md5/-/md5-2.3.0.tgz",
      "integrity": "sha512-T1GITYmFaKuO91vxyoQMFETst+O71VUPEU3ze5GNzDm0OWdP8v1ziTaAEPUr/3kLsY3Sftgz242A1SetQiDL7g==",
      "dependencies": {
        "charenc": "0.0.2",
        "crypt": "0.0.2",
        "is-buffer": "~1.1.6"
      }
    },
    "node_modules/os-tmpdir": {
      "version": "1.0.2",
      "resolved": "https://registry.npmjs.org/os-tmpdir/-/os-tmpdir-1.0.2.tgz",
      "integrity": "sha512-D2FR03Vir7FIu45XBY20mTb+/ZSWB00sjU9jdQXt83gDrI4Ztz5Fs7/yy74g2N5SVQY4xY1qDr4rNddwYRVX0g==",
      "engines": {
        "node": ">=0.10.0"
      }
    },
    "node_modules/pem": {
      "version": "1.14.8",
      "resolved": "https://registry.npmjs.org/pem/-/pem-1.14.8.tgz",
      "integrity": "sha512-ZpbOf4dj9/fQg5tQzTqv4jSKJQsK7tPl0pm4/pvPcZVjZcJg7TMfr3PBk6gJH97lnpJDu4e4v8UUqEz5daipCg==",
      "dependencies": {
        "es6-promisify": "^7.0.0",
        "md5": "^2.3.0",
        "os-tmpdir": "^1.0.2",
        "which": "^2.0.2"
      },
      "engines": {
        "node": ">=14.0.0"
      }
    },
    "node_modules/strnum": {
      "version": "1.0.5",
      "resolved": "https://registry.npmjs.org/strnum/-/strnum-1.0.5.tgz",
      "integrity": "sha512-J8bbNyKKXl5qYcR36TIO8W3mVGVHrmmxsd5PAItGkmyzwJvybiw2IVq5nqd0i4LSNSkB/sx9VHllbfFdr9k1JA=="
    },
    "node_modules/tmp": {
      "version": "0.2.3",
      "resolved": "https://registry.npmjs.org/tmp/-/tmp-0.2.3.tgz",
      "integrity": "sha512-nZD7m9iCPC5g0pYmcaxogYKggSfLsdxl8of3Q/oIbqCqLLIO9IAF0GWjX1z9NZRHPiXv8Wex4yDCaZsgEw0Y8w==",
      "engines": {
        "node": ">=14.14"
      }
    },
    "node_modules/which": {
      "version": "2.0.2",
      "resolved": "https://registry.npmjs.org/which/-/which-2.0.2.tgz",
      "integrity": "sha512-BLI3Tl1TW3Pvl70l3yq3Y64i+awpwXqsGBYWkkqMtnbXgrMD+yj7rhW0kuEDxzJaYXGjEW5ogapKNMEKNMjibA==",
      "dependencies": {
        "isexe": "^2.0.0"
      },
      "bin": {
        "node-which": "bin/node-which"
      },
      "engines": {
        "node": ">= 8"
      }
    },
    "node_modules/xml-crypto": {
      "version": "6.0.0",
      "resolved": "https://registry.npmjs.org/xml-crypto/-/xml-crypto-6.0.0.tgz",
      "integrity": "sha512-L3RgnkaDrHaYcCnoENv4Idzt1ZRj5U1z1BDH98QdDTQfssScx8adgxhd9qwyYo+E3fXbQZjEQH7aiXHLVgxGvw==",
      "dependencies": {
        "@xmldom/is-dom-node": "^1.0.1",
        "@xmldom/xmldom": "^0.8.10",
        "xpath": "^0.0.33"
      },
      "engines": {
        "node": ">=16"
      }
    },
    "node_modules/xpath": {
      "version": "0.0.33",
      "resolved": "https://registry.npmjs.org/xpath/-/xpath-0.0.33.tgz",
      "integrity": "sha512-NNXnzrkDrAzalLhIUc01jO2mOzXGXh1JwPgkihcLLzw98c0WgYDmmjSh1Kl3wzaxSVWMuA+fe0WTWOBDWCBmNA==",
      "engines": {
        "node": ">=0.6.0"
      }
    }
  }
}
